{
  "name": "icer",
  "version": "1.0.0",
  "lockfileVersion": 3,
  "requires": true,
  "packages": {
    "": {
      "name": "icer",
      "license": "MIT",
      "workspaces": [
        "packages/*"
      ]
    },
    "node_modules/@icer/path-matcher": {
      "resolved": "packages/path-matcher",
      "link": true
    },
    "packages/path-matcher": {
      "name": "@icer/path-matcher",
      "license": "MIT"
    }
  }
}
